{
  "name": "kanji-analysis",
  "version": "1.0.0",
  "lockfileVersion": 1,
  "requires": true,
  "dependencies": {
    "iskanji": {
      "version": "1.0.3",
      "resolved": "https://registry.npmjs.org/iskanji/-/iskanji-1.0.3.tgz",
      "integrity": "sha1-kUOG4LpJM2wUpYUjTvJb0Jm0Nn0="
    },
    "lodash": {
      "version": "4.17.19",
      "resolved": "https://registry.npmjs.org/lodash/-/lodash-4.17.19.tgz",
      "integrity": "sha512-JNvd8XER9GQX0v2qJgsaN/mzFCNA5BRe/j8JN9d+tWyGLSodKQHKFicdwNYzWwI3wjRnaKPsGj1XkBjx/F96DQ=="
    },
    "subtitles-parser": {
      "version": "0.0.2",
      "resolved": "https://registry.npmjs.org/subtitles-parser/-/subtitles-parser-0.0.2.tgz",
      "integrity": "sha1-zy/MPjl7HH+DHhNl9rPON9MVUZQ="
    }
  }
}
